
Microsoft Visual Studio Solution File, Format Version 12.00
# Visual Studio Version 17
VisualStudioVersion = 17.0.31903.59
MinimumVisualStudioVersion = 10.0.40219.1
Project("{FAE04EC0-301F-11D3-BF4B-00C04F79EFBC}") = "WebAppMVC", "WebAppMVC\WebAppMVC.csproj", "{218D5A90-B061-490F-BCC0-55F828AA7AF8}"
EndProject
Project("{FAE04EC0-301F-11D3-BF4B-00C04F79EFBC}") = "WebAppAPI", "WebAppAPI\WebAppAPI.csproj", "{1B9DA39F-FC1E-48B4-8376-EB741F3FF740}"
EndProject
Project("{FAE04EC0-301F-11D3-BF4B-00C04F79EFBC}") = "WebAppMVC.Tests", "WebAppMVC.Tests\WebAppMVC.Tests.csproj", "{D7BFD6C6-9EB7-4C58-9D3C-4A260B8F0A72}"
EndProject
Project("{FAE04EC0-301F-11D3-BF4B-00C04F79EFBC}") = "WebAppAPI.Tests", "WebAppAPI.Tests\WebAppAPI.Tests.csproj", "{3C5D8C10-4C0F-42DC-BF98-11C7DB72D81A}"
EndProject
Global
	GlobalSection(SolutionConfigurationPlatforms) = preSolution
		Debug|Any CPU = Debug|Any CPU
		Debug|x64 = Debug|x64
		Debug|x86 = Debug|x86
		Release|Any CPU = Release|Any CPU
		Release|x64 = Release|x64
		Release|x86 = Release|x86
	EndGlobalSection
	GlobalSection(ProjectConfigurationPlatforms) = postSolution
		{218D5A90-B061-490F-BCC0-55F828AA7AF8}.Debug|Any CPU.ActiveCfg = Debug|Any CPU
		{218D5A90-B061-490F-BCC0-55F828AA7AF8}.Debug|Any CPU.Build.0 = Debug|Any CPU
		{218D5A90-B061-490F-BCC0-55F828AA7AF8}.Debug|x64.ActiveCfg = Debug|Any CPU
		{218D5A90-B061-490F-BCC0-55F828AA7AF8}.Debug|x64.Build.0 = Debug|Any CPU
		{218D5A90-B061-490F-BCC0-55F828AA7AF8}.Debug|x86.ActiveCfg = Debug|Any CPU
		{218D5A90-B061-490F-BCC0-55F828AA7AF8}.Debug|x86.Build.0 = Debug|Any CPU
		{218D5A90-B061-490F-BCC0-55F828AA7AF8}.Release|Any CPU.ActiveCfg = Release|Any CPU
		{218D5A90-B061-490F-BCC0-55F828AA7AF8}.Release|Any CPU.Build.0 = Release|Any CPU
		{218D5A90-B061-490F-BCC0-55F828AA7AF8}.Release|x64.ActiveCfg = Release|Any CPU
		{218D5A90-B061-490F-BCC0-55F828AA7AF8}.Release|x64.Build.0 = Release|Any CPU
		{218D5A90-B061-490F-BCC0-55F828AA7AF8}.Release|x86.ActiveCfg = Release|Any CPU
		{218D5A90-B061-490F-BCC0-55F828AA7AF8}.Release|x86.Build.0 = Release|Any CPU
		{1B9DA39F-FC1E-48B4-8376-EB741F3FF740}.Debug|Any CPU.ActiveCfg = Debug|Any CPU
		{1B9DA39F-FC1E-48B4-8376-EB741F3FF740}.Debug|Any CPU.Build.0 = Debug|Any CPU
		{1B9DA39F-FC1E-48B4-8376-EB741F3FF740}.Debug|x64.ActiveCfg = Debug|Any CPU
		{1B9DA39F-FC1E-48B4-8376-EB741F3FF740}.Debug|x64.Build.0 = Debug|Any CPU
		{1B9DA39F-FC1E-48B4-8376-EB741F3FF740}.Debug|x86.ActiveCfg = Debug|Any CPU
		{1B9DA39F-FC1E-48B4-8376-EB741F3FF740}.Debug|x86.Build.0 = Debug|Any CPU
		{1B9DA39F-FC1E-48B4-8376-EB741F3FF740}.Release|Any CPU.ActiveCfg = Release|Any CPU
		{1B9DA39F-FC1E-48B4-8376-EB741F3FF740}.Release|Any CPU.Build.0 = Release|Any CPU
		{1B9DA39F-FC1E-48B4-8376-EB741F3FF740}.Release|x64.ActiveCfg = Release|Any CPU
		{1B9DA39F-FC1E-48B4-8376-EB741F3FF740}.Release|x64.Build.0 = Release|Any CPU
		{1B9DA39F-FC1E-48B4-8376-EB741F3FF740}.Release|x86.ActiveCfg = Release|Any CPU
		{1B9DA39F-FC1E-48B4-8376-EB741F3FF740}.Release|x86.Build.0 = Release|Any CPU
		{D7BFD6C6-9EB7-4C58-9D3C-4A260B8F0A72}.Debug|Any CPU.ActiveCfg = Debug|Any CPU
		{D7BFD6C6-9EB7-4C58-9D3C-4A260B8F0A72}.Debug|Any CPU.Build.0 = Debug|Any CPU
		{D7BFD6C6-9EB7-4C58-9D3C-4A260B8F0A72}.Debug|x64.ActiveCfg = Debug|Any CPU
		{D7BFD6C6-9EB7-4C58-9D3C-4A260B8F0A72}.Debug|x64.Build.0 = Debug|Any CPU
		{D7BFD6C6-9EB7-4C58-9D3C-4A260B8F0A72}.Debug|x86.ActiveCfg = Debug|Any CPU
		{D7BFD6C6-9EB7-4C58-9D3C-4A260B8F0A72}.Debug|x86.Build.0 = Debug|Any CPU
		{D7BFD6C6-9EB7-4C58-9D3C-4A260B8F0A72}.Release|Any CPU.ActiveCfg = Release|Any CPU
		{D7BFD6C6-9EB7-4C58-9D3C-4A260B8F0A72}.Release|Any CPU.Build.0 = Release|Any CPU
		{D7BFD6C6-9EB7-4C58-9D3C-4A260B8F0A72}.Release|x64.ActiveCfg = Release|Any CPU
		{D7BFD6C6-9EB7-4C58-9D3C-4A260B8F0A72}.Release|x64.Build.0 = Release|Any CPU
		{D7BFD6C6-9EB7-4C58-9D3C-4A260B8F0A72}.Release|x86.ActiveCfg = Release|Any CPU
		{D7BFD6C6-9EB7-4C58-9D3C-4A260B8F0A72}.Release|x86.Build.0 = Release|Any CPU
		{3C5D8C10-4C0F-42DC-BF98-11C7DB72D81A}.Debug|Any CPU.ActiveCfg = Debug|Any CPU
		{3C5D8C10-4C0F-42DC-BF98-11C7DB72D81A}.Debug|Any CPU.Build.0 = Debug|Any CPU
		{3C5D8C10-4C0F-42DC-BF98-11C7DB72D81A}.Debug|x64.ActiveCfg = Debug|Any CPU
		{3C5D8C10-4C0F-42DC-BF98-11C7DB72D81A}.Debug|x64.Build.0 = Debug|Any CPU
		{3C5D8C10-4C0F-42DC-BF98-11C7DB72D81A}.Debug|x86.ActiveCfg = Debug|Any CPU
		{3C5D8C10-4C0F-42DC-BF98-11C7DB72D81A}.Debug|x86.Build.0 = Debug|Any CPU
		{3C5D8C10-4C0F-42DC-BF98-11C7DB72D81A}.Release|Any CPU.ActiveCfg = Release|Any CPU
		{3C5D8C10-4C0F-42DC-BF98-11C7DB72D81A}.Release|Any CPU.Build.0 = Release|Any CPU
		{3C5D8C10-4C0F-42DC-BF98-11C7DB72D81A}.Release|x64.ActiveCfg = Release|Any CPU
		{3C5D8C10-4C0F-42DC-BF98-11C7DB72D81A}.Release|x64.Build.0 = Release|Any CPU
		{3C5D8C10-4C0F-42DC-BF98-11C7DB72D81A}.Release|x86.ActiveCfg = Release|Any CPU
		{3C5D8C10-4C0F-42DC-BF98-11C7DB72D81A}.Release|x86.Build.0 = Release|Any CPU
	EndGlobalSection
	GlobalSection(SolutionProperties) = preSolution
		HideSolutionNode = FALSE
	EndGlobalSection
EndGlobal
